# THIS IS AN AUTOGENERATED FILE. DO NOT EDIT THIS FILE DIRECTLY.
# yarn lockfile v1


radash@^10.8.1:
  version "10.8.1"
  resolved "https://registry.yarnpkg.com/radash/-/radash-10.8.1.tgz#7a49fa1ec07381dba9174ddadf83401e1db293f9"
  integrity sha512-NzYo3XgM9Tzjf5iFPIMG2l5+LSOCi2H7Axe3Ry/1PrhlvuqxUoiLsmcTBtw4CfKtzy5Fzo79STiEj9JZWMfDQg==
